
Microsoft Visual Studio Solution File, Format Version 12.00
# Visual Studio Version 17
VisualStudioVersion = 17.13.35931.197
MinimumVisualStudioVersion = 10.0.40219.1
Project("{FAE04EC0-301F-11D3-BF4B-00C04F79EFBC}") = "THADotNetTrainingBatch1", "THADotNetTrainingBatch1\THADotNetTrainingBatch1.csproj", "{B1F3ACA4-06D3-481D-A0DE-6109EF76BAAB}"
EndProject
Project("{FAE04EC0-301F-11D3-BF4B-00C04F79EFBC}") = "THADotNetTrainingBatch1.ConsoleApp2", "ConsoleApp2\THADotNetTrainingBatch1.ConsoleApp2.csproj", "{F3E6557B-86A1-4381-A7D5-2A2C95868759}"
EndProject
Project("{FAE04EC0-301F-11D3-BF4B-00C04F79EFBC}") = "THADotNetTrainingBatch1.WinFormsApp", "THADotNetTrainingBatch1.WinFormsApp\THADotNetTrainingBatch1.WinFormsApp.csproj", "{6D440797-0EAB-4F90-A7C6-3E3D3348D703}"
EndProject
Project("{FAE04EC0-301F-11D3-BF4B-00C04F79EFBC}") = "THADotNetTrainingBatch1.ConsoleApp3", "THADotNetTrainingBatch1.ConsoleApp3\THADotNetTrainingBatch1.ConsoleApp3.csproj", "{DC945205-7E2D-4E4A-8B41-C9B65D3BE4A4}"
EndProject
Project("{FAE04EC0-301F-11D3-BF4B-00C04F79EFBC}") = "THADotNetTrainingBatch1.Shared", "THADotNetTrainingBatch1.Shared\THADotNetTrainingBatch1.Shared.csproj", "{B3827AF7-639C-4FD2-93E6-075B6D9EB8DC}"
EndProject
Project("{FAE04EC0-301F-11D3-BF4B-00C04F79EFBC}") = "THADotNetTrainingBatch1.ConsoleApp4", "THADotNetTrainingBatch1.ConsoleApp4\THADotNetTrainingBatch1.ConsoleApp4.csproj", "{F10DC00D-B6F0-477B-B32B-AC09822CC67C}"
EndProject
Project("{FAE04EC0-301F-11D3-BF4B-00C04F79EFBC}") = "THADotNetTrainingBatch1.ConsoleApp5", "THADotNetTrainingBatch1.ConsoleApp5\THADotNetTrainingBatch1.ConsoleApp5.csproj", "{BE860D70-805F-44CD-8DB7-834489107C24}"
EndProject
Project("{FAE04EC0-301F-11D3-BF4B-00C04F79EFBC}") = "THADotNetTrainingBatch1.Database", "THADotNetTrainingBatch1.Database\THADotNetTrainingBatch1.Database.csproj", "{D5833869-B688-4C89-8408-07194D9FF653}"
EndProject
Project("{FAE04EC0-301F-11D3-BF4B-00C04F79EFBC}") = "THADotNetTrainingBatch1.WebApi", "THADotNetTrainingBatch1.WebApi\THADotNetTrainingBatch1.WebApi.csproj", "{65673934-540B-4CDA-8751-C740642C7B2B}"
EndProject
Project("{2150E333-8FDC-42A3-9474-1A3956D46DE8}") = "Project1", "Project1", "{02EA681E-C7D8-13C7-8484-4AC65E1B71E8}"
EndProject
Project("{FAE04EC0-301F-11D3-BF4B-00C04F79EFBC}") = "THADotNetTrainingBatch1.Project1.Database", "THADotNetTrainingBatch1.Project1.Database\THADotNetTrainingBatch1.Project1.Database.csproj", "{1DDC928B-C103-4155-8D9A-7516C61FBEB1}"
EndProject
Project("{FAE04EC0-301F-11D3-BF4B-00C04F79EFBC}") = "THADotNetTrainingBatch1.Project1.WebApi", "THADotNetTrainingBatch1.Project1.WebApi\THADotNetTrainingBatch1.Project1.WebApi.csproj", "{E7901C1B-C2B2-41F5-AE4B-D0F7A826FE48}"
EndProject
Project("{FAE04EC0-301F-11D3-BF4B-00C04F79EFBC}") = "THADotNetTrainingBatch1.Project1.Domain", "THADotNetTrainingBatch1.Project1.Domain\THADotNetTrainingBatch1.Project1.Domain.csproj", "{E711EA9D-F008-4E4E-AAA9-03F6403A61C1}"
EndProject
Project("{2150E333-8FDC-42A3-9474-1A3956D46DE8}") = "Project2", "Project2", "{681045CC-177A-41ED-BFAA-5DC1D5FB8566}"
EndProject
Project("{FAE04EC0-301F-11D3-BF4B-00C04F79EFBC}") = "THADotNetTrainingBatch1.Assi.ConsoleApp", "THADotNetTrainingBatch1.Project2.ConsoleApp\THADotNetTrainingBatch1.Assi.ConsoleApp.csproj", "{AD1D23DD-92CB-4E97-9CE4-EC818B5EF115}"
EndProject
Project("{FAE04EC0-301F-11D3-BF4B-00C04F79EFBC}") = "THADotNetTrainingBatch1.Assi.Database", "THADotNetTrainingBatch1.Assi.Database\THADotNetTrainingBatch1.Assi.Database.csproj", "{C36A0894-7650-4CFA-99DB-33DD65B8D67E}"
EndProject
Project("{FAE04EC0-301F-11D3-BF4B-00C04F79EFBC}") = "THADotNetTrainingBatch1.Assi.DreamDictionary.WebApi", "THADotNetTrainingBatch1.Assi.DreamDictionary.WebApi\THADotNetTrainingBatch1.Assi.DreamDictionary.WebApi.csproj", "{0E7C6CC8-B183-4AA4-9E5D-7C1AAFC42302}"
EndProject
Project("{FAE04EC0-301F-11D3-BF4B-00C04F79EFBC}") = "THADotNetTrainingBatch1.Assi.Domain", "THADotNetTrainingBatch1.Assi.Domain\THADotNetTrainingBatch1.Assi.Domain.csproj", "{B7C1354B-D594-4D73-9DB9-9569784809C0}"
EndProject
Project("{2150E333-8FDC-42A3-9474-1A3956D46DE8}") = "Project3", "Project3", "{DA146E10-FA22-4C5D-B990-420223395996}"
EndProject
Project("{FAE04EC0-301F-11D3-BF4B-00C04F79EFBC}") = "THADotNetTrainingBatch1.Project3.WebApi", "THADotNetTrainingBatch1.Project3.WebApi\THADotNetTrainingBatch1.Project3.WebApi.csproj", "{BFFEFD29-7FD6-4BE6-9E2B-5DC8C358EAA0}"
EndProject
Project("{FAE04EC0-301F-11D3-BF4B-00C04F79EFBC}") = "THADotNetTrainingBatch1.Project3.Database", "THADotNetTrainingBatch1.Project3.Database\THADotNetTrainingBatch1.Project3.Database.csproj", "{F92E8EF0-A9B3-4E0E-BE16-614C9DC68C51}"
EndProject
Project("{FAE04EC0-301F-11D3-BF4B-00C04F79EFBC}") = "THADotNetTrainingBatch1.MinimalApi", "THADotNetTrainingBatch1.MinimalApi\THADotNetTrainingBatch1.MinimalApi.csproj", "{6E106E80-0485-4C2C-8F85-725791F2E4C1}"
EndProject
Project("{FAE04EC0-301F-11D3-BF4B-00C04F79EFBC}") = "THADotNetTrainingBatch1.Project3.ConsoleApp", "THADotNetTrainingBatch1.Project3.ConsoleApp\THADotNetTrainingBatch1.Project3.ConsoleApp.csproj", "{43750A53-8B9C-45C8-B1AA-5727FC89306D}"
EndProject
Project("{2150E333-8FDC-42A3-9474-1A3956D46DE8}") = "Project4", "Project4", "{A715CCFA-F5FB-499B-837E-7AB20FAF4B44}"
EndProject
Project("{FAE04EC0-301F-11D3-BF4B-00C04F79EFBC}") = "THADotNetTrainingBatch1.MvcApp", "THADotNetTrainingBatch1.MvcApp\THADotNetTrainingBatch1.MvcApp.csproj", "{2D0A16B7-EA96-4714-8FE5-5F243FD3B16F}"
EndProject
Project("{FAE04EC0-301F-11D3-BF4B-00C04F79EFBC}") = "THADotNetTrainingBatch1.MvcApp2", "THADotNetTrainingBatch1.MvcApp2\THADotNetTrainingBatch1.MvcApp2.csproj", "{616F4A56-198B-4B27-98E8-73D3B6C9CF41}"
EndProject
Project("{FAE04EC0-301F-11D3-BF4B-00C04F79EFBC}") = "THADotNetTrainingBatch1.MvcApp3", "THADotNetTrainingBatch1.MvcApp3\THADotNetTrainingBatch1.MvcApp3.csproj", "{DB851A36-7276-4AC3-AB5D-1A694589CC51}"
EndProject
Project("{2150E333-8FDC-42A3-9474-1A3956D46DE8}") = "Project-LINQ-Practice", "Project-LINQ-Practice", "{1E36AE29-856E-4086-9603-8A074400FA1B}"
EndProject
Project("{FAE04EC0-301F-11D3-BF4B-00C04F79EFBC}") = "THADotNetTrainingBatch1-LINQ-1", "THADotNetTrainingBatch1-LINQ-1\THADotNetTrainingBatch1-LINQ-1.csproj", "{419FC3BD-DEB5-46B3-90F6-0C65F9943EA3}"
EndProject
Project("{FAE04EC0-301F-11D3-BF4B-00C04F79EFBC}") = "THADotNetTrainingBatch1-LINQ-Data", "THADotNetTrainingBatch1-LINQ-Data\THADotNetTrainingBatch1-LINQ-Data.csproj", "{73F8861D-ABAB-4EF8-8687-91E401B11E91}"
EndProject
Project("{FAE04EC0-301F-11D3-BF4B-00C04F79EFBC}") = "THADotNetTrainingBatch1-LINQ-2", "THADotNetTrainingBatch1-LINQ-2\THADotNetTrainingBatch1-LINQ-2.csproj", "{74588AEA-590D-449F-9D38-1EC7FE0B2197}"
EndProject
Project("{FAE04EC0-301F-11D3-BF4B-00C04F79EFBC}") = "THADotNetTrainingBatch1-LINQ-3", "THADotNetTrainingBatch1-LINQ-3\THADotNetTrainingBatch1-LINQ-3.csproj", "{AF7EFF14-63A5-47F2-8259-387A08BA9281}"
EndProject
Project("{FAE04EC0-301F-11D3-BF4B-00C04F79EFBC}") = "THADotNetTrainingBatch1-LINQ-4", "THADotNetTrainingBatch1-LINQ-4\THADotNetTrainingBatch1-LINQ-4.csproj", "{30182999-7461-4F86-AF85-9B7B8F9E837B}"
EndProject
Project("{FAE04EC0-301F-11D3-BF4B-00C04F79EFBC}") = "THADotNetTrainingBatch1.LINQ-5", "THADotNetTrainingBatch1.LINQ-5\THADotNetTrainingBatch1.LINQ-5.csproj", "{605EDA4D-5220-4175-A7EB-66E3E690B96E}"
EndProject
Global
	GlobalSection(SolutionConfigurationPlatforms) = preSolution
		Debug|Any CPU = Debug|Any CPU
		Release|Any CPU = Release|Any CPU
	EndGlobalSection
	GlobalSection(ProjectConfigurationPlatforms) = postSolution
		{B1F3ACA4-06D3-481D-A0DE-6109EF76BAAB}.Debug|Any CPU.ActiveCfg = Debug|Any CPU
		{B1F3ACA4-06D3-481D-A0DE-6109EF76BAAB}.Debug|Any CPU.Build.0 = Debug|Any CPU
		{B1F3ACA4-06D3-481D-A0DE-6109EF76BAAB}.Release|Any CPU.ActiveCfg = Release|Any CPU
		{B1F3ACA4-06D3-481D-A0DE-6109EF76BAAB}.Release|Any CPU.Build.0 = Release|Any CPU
		{F3E6557B-86A1-4381-A7D5-2A2C95868759}.Debug|Any CPU.ActiveCfg = Debug|Any CPU
		{F3E6557B-86A1-4381-A7D5-2A2C95868759}.Debug|Any CPU.Build.0 = Debug|Any CPU
		{F3E6557B-86A1-4381-A7D5-2A2C95868759}.Release|Any CPU.ActiveCfg = Release|Any CPU
		{F3E6557B-86A1-4381-A7D5-2A2C95868759}.Release|Any CPU.Build.0 = Release|Any CPU
		{6D440797-0EAB-4F90-A7C6-3E3D3348D703}.Debug|Any CPU.ActiveCfg = Debug|Any CPU
		{6D440797-0EAB-4F90-A7C6-3E3D3348D703}.Debug|Any CPU.Build.0 = Debug|Any CPU
		{6D440797-0EAB-4F90-A7C6-3E3D3348D703}.Release|Any CPU.ActiveCfg = Release|Any CPU
		{6D440797-0EAB-4F90-A7C6-3E3D3348D703}.Release|Any CPU.Build.0 = Release|Any CPU
		{DC945205-7E2D-4E4A-8B41-C9B65D3BE4A4}.Debug|Any CPU.ActiveCfg = Debug|Any CPU
		{DC945205-7E2D-4E4A-8B41-C9B65D3BE4A4}.Debug|Any CPU.Build.0 = Debug|Any CPU
		{DC945205-7E2D-4E4A-8B41-C9B65D3BE4A4}.Release|Any CPU.ActiveCfg = Release|Any CPU
		{DC945205-7E2D-4E4A-8B41-C9B65D3BE4A4}.Release|Any CPU.Build.0 = Release|Any CPU
		{B3827AF7-639C-4FD2-93E6-075B6D9EB8DC}.Debug|Any CPU.ActiveCfg = Debug|Any CPU
		{B3827AF7-639C-4FD2-93E6-075B6D9EB8DC}.Debug|Any CPU.Build.0 = Debug|Any CPU
		{B3827AF7-639C-4FD2-93E6-075B6D9EB8DC}.Release|Any CPU.ActiveCfg = Release|Any CPU
		{B3827AF7-639C-4FD2-93E6-075B6D9EB8DC}.Release|Any CPU.Build.0 = Release|Any CPU
		{F10DC00D-B6F0-477B-B32B-AC09822CC67C}.Debug|Any CPU.ActiveCfg = Debug|Any CPU
		{F10DC00D-B6F0-477B-B32B-AC09822CC67C}.Debug|Any CPU.Build.0 = Debug|Any CPU
		{F10DC00D-B6F0-477B-B32B-AC09822CC67C}.Release|Any CPU.ActiveCfg = Release|Any CPU
		{F10DC00D-B6F0-477B-B32B-AC09822CC67C}.Release|Any CPU.Build.0 = Release|Any CPU
		{BE860D70-805F-44CD-8DB7-834489107C24}.Debug|Any CPU.ActiveCfg = Debug|Any CPU
		{BE860D70-805F-44CD-8DB7-834489107C24}.Debug|Any CPU.Build.0 = Debug|Any CPU
		{BE860D70-805F-44CD-8DB7-834489107C24}.Release|Any CPU.ActiveCfg = Release|Any CPU
		{BE860D70-805F-44CD-8DB7-834489107C24}.Release|Any CPU.Build.0 = Release|Any CPU
		{D5833869-B688-4C89-8408-07194D9FF653}.Debug|Any CPU.ActiveCfg = Debug|Any CPU
		{D5833869-B688-4C89-8408-07194D9FF653}.Debug|Any CPU.Build.0 = Debug|Any CPU
		{D5833869-B688-4C89-8408-07194D9FF653}.Release|Any CPU.ActiveCfg = Release|Any CPU
		{D5833869-B688-4C89-8408-07194D9FF653}.Release|Any CPU.Build.0 = Release|Any CPU
		{65673934-540B-4CDA-8751-C740642C7B2B}.Debug|Any CPU.ActiveCfg = Debug|Any CPU
		{65673934-540B-4CDA-8751-C740642C7B2B}.Debug|Any CPU.Build.0 = Debug|Any CPU
		{65673934-540B-4CDA-8751-C740642C7B2B}.Release|Any CPU.ActiveCfg = Release|Any CPU
		{65673934-540B-4CDA-8751-C740642C7B2B}.Release|Any CPU.Build.0 = Release|Any CPU
		{1DDC928B-C103-4155-8D9A-7516C61FBEB1}.Debug|Any CPU.ActiveCfg = Debug|Any CPU
		{1DDC928B-C103-4155-8D9A-7516C61FBEB1}.Debug|Any CPU.Build.0 = Debug|Any CPU
		{1DDC928B-C103-4155-8D9A-7516C61FBEB1}.Release|Any CPU.ActiveCfg = Release|Any CPU
		{1DDC928B-C103-4155-8D9A-7516C61FBEB1}.Release|Any CPU.Build.0 = Release|Any CPU
		{E7901C1B-C2B2-41F5-AE4B-D0F7A826FE48}.Debug|Any CPU.ActiveCfg = Debug|Any CPU
		{E7901C1B-C2B2-41F5-AE4B-D0F7A826FE48}.Debug|Any CPU.Build.0 = Debug|Any CPU
		{E7901C1B-C2B2-41F5-AE4B-D0F7A826FE48}.Release|Any CPU.ActiveCfg = Release|Any CPU
		{E7901C1B-C2B2-41F5-AE4B-D0F7A826FE48}.Release|Any CPU.Build.0 = Release|Any CPU
		{E711EA9D-F008-4E4E-AAA9-03F6403A61C1}.Debug|Any CPU.ActiveCfg = Debug|Any CPU
		{E711EA9D-F008-4E4E-AAA9-03F6403A61C1}.Debug|Any CPU.Build.0 = Debug|Any CPU
		{E711EA9D-F008-4E4E-AAA9-03F6403A61C1}.Release|Any CPU.ActiveCfg = Release|Any CPU
		{E711EA9D-F008-4E4E-AAA9-03F6403A61C1}.Release|Any CPU.Build.0 = Release|Any CPU
		{AD1D23DD-92CB-4E97-9CE4-EC818B5EF115}.Debug|Any CPU.ActiveCfg = Debug|Any CPU
		{AD1D23DD-92CB-4E97-9CE4-EC818B5EF115}.Debug|Any CPU.Build.0 = Debug|Any CPU
		{AD1D23DD-92CB-4E97-9CE4-EC818B5EF115}.Release|Any CPU.ActiveCfg = Release|Any CPU
		{AD1D23DD-92CB-4E97-9CE4-EC818B5EF115}.Release|Any CPU.Build.0 = Release|Any CPU
		{C36A0894-7650-4CFA-99DB-33DD65B8D67E}.Debug|Any CPU.ActiveCfg = Debug|Any CPU
		{C36A0894-7650-4CFA-99DB-33DD65B8D67E}.Debug|Any CPU.Build.0 = Debug|Any CPU
		{C36A0894-7650-4CFA-99DB-33DD65B8D67E}.Release|Any CPU.ActiveCfg = Release|Any CPU
		{C36A0894-7650-4CFA-99DB-33DD65B8D67E}.Release|Any CPU.Build.0 = Release|Any CPU
		{0E7C6CC8-B183-4AA4-9E5D-7C1AAFC42302}.Debug|Any CPU.ActiveCfg = Debug|Any CPU
		{0E7C6CC8-B183-4AA4-9E5D-7C1AAFC42302}.Debug|Any CPU.Build.0 = Debug|Any CPU
		{0E7C6CC8-B183-4AA4-9E5D-7C1AAFC42302}.Release|Any CPU.ActiveCfg = Release|Any CPU
		{0E7C6CC8-B183-4AA4-9E5D-7C1AAFC42302}.Release|Any CPU.Build.0 = Release|Any CPU
		{B7C1354B-D594-4D73-9DB9-9569784809C0}.Debug|Any CPU.ActiveCfg = Debug|Any CPU
		{B7C1354B-D594-4D73-9DB9-9569784809C0}.Debug|Any CPU.Build.0 = Debug|Any CPU
		{B7C1354B-D594-4D73-9DB9-9569784809C0}.Release|Any CPU.ActiveCfg = Release|Any CPU
		{B7C1354B-D594-4D73-9DB9-9569784809C0}.Release|Any CPU.Build.0 = Release|Any CPU
		{BFFEFD29-7FD6-4BE6-9E2B-5DC8C358EAA0}.Debug|Any CPU.ActiveCfg = Debug|Any CPU
		{BFFEFD29-7FD6-4BE6-9E2B-5DC8C358EAA0}.Debug|Any CPU.Build.0 = Debug|Any CPU
		{BFFEFD29-7FD6-4BE6-9E2B-5DC8C358EAA0}.Release|Any CPU.ActiveCfg = Release|Any CPU
		{BFFEFD29-7FD6-4BE6-9E2B-5DC8C358EAA0}.Release|Any CPU.Build.0 = Release|Any CPU
		{F92E8EF0-A9B3-4E0E-BE16-614C9DC68C51}.Debug|Any CPU.ActiveCfg = Debug|Any CPU
		{F92E8EF0-A9B3-4E0E-BE16-614C9DC68C51}.Debug|Any CPU.Build.0 = Debug|Any CPU
		{F92E8EF0-A9B3-4E0E-BE16-614C9DC68C51}.Release|Any CPU.ActiveCfg = Release|Any CPU
		{F92E8EF0-A9B3-4E0E-BE16-614C9DC68C51}.Release|Any CPU.Build.0 = Release|Any CPU
		{6E106E80-0485-4C2C-8F85-725791F2E4C1}.Debug|Any CPU.ActiveCfg = Debug|Any CPU
		{6E106E80-0485-4C2C-8F85-725791F2E4C1}.Debug|Any CPU.Build.0 = Debug|Any CPU
		{6E106E80-0485-4C2C-8F85-725791F2E4C1}.Release|Any CPU.ActiveCfg = Release|Any CPU
		{6E106E80-0485-4C2C-8F85-725791F2E4C1}.Release|Any CPU.Build.0 = Release|Any CPU
		{43750A53-8B9C-45C8-B1AA-5727FC89306D}.Debug|Any CPU.ActiveCfg = Debug|Any CPU
		{43750A53-8B9C-45C8-B1AA-5727FC89306D}.Debug|Any CPU.Build.0 = Debug|Any CPU
		{43750A53-8B9C-45C8-B1AA-5727FC89306D}.Release|Any CPU.ActiveCfg = Release|Any CPU
		{43750A53-8B9C-45C8-B1AA-5727FC89306D}.Release|Any CPU.Build.0 = Release|Any CPU
		{2D0A16B7-EA96-4714-8FE5-5F243FD3B16F}.Debug|Any CPU.ActiveCfg = Debug|Any CPU
		{2D0A16B7-EA96-4714-8FE5-5F243FD3B16F}.Debug|Any CPU.Build.0 = Debug|Any CPU
		{2D0A16B7-EA96-4714-8FE5-5F243FD3B16F}.Release|Any CPU.ActiveCfg = Release|Any CPU
		{2D0A16B7-EA96-4714-8FE5-5F243FD3B16F}.Release|Any CPU.Build.0 = Release|Any CPU
		{616F4A56-198B-4B27-98E8-73D3B6C9CF41}.Debug|Any CPU.ActiveCfg = Debug|Any CPU
		{616F4A56-198B-4B27-98E8-73D3B6C9CF41}.Debug|Any CPU.Build.0 = Debug|Any CPU
		{616F4A56-198B-4B27-98E8-73D3B6C9CF41}.Release|Any CPU.ActiveCfg = Release|Any CPU
		{616F4A56-198B-4B27-98E8-73D3B6C9CF41}.Release|Any CPU.Build.0 = Release|Any CPU
		{DB851A36-7276-4AC3-AB5D-1A694589CC51}.Debug|Any CPU.ActiveCfg = Debug|Any CPU
		{DB851A36-7276-4AC3-AB5D-1A694589CC51}.Debug|Any CPU.Build.0 = Debug|Any CPU
		{DB851A36-7276-4AC3-AB5D-1A694589CC51}.Release|Any CPU.ActiveCfg = Release|Any CPU
		{DB851A36-7276-4AC3-AB5D-1A694589CC51}.Release|Any CPU.Build.0 = Release|Any CPU
		{419FC3BD-DEB5-46B3-90F6-0C65F9943EA3}.Debug|Any CPU.ActiveCfg = Debug|Any CPU
		{419FC3BD-DEB5-46B3-90F6-0C65F9943EA3}.Debug|Any CPU.Build.0 = Debug|Any CPU
		{419FC3BD-DEB5-46B3-90F6-0C65F9943EA3}.Release|Any CPU.ActiveCfg = Release|Any CPU
		{419FC3BD-DEB5-46B3-90F6-0C65F9943EA3}.Release|Any CPU.Build.0 = Release|Any CPU
		{73F8861D-ABAB-4EF8-8687-91E401B11E91}.Debug|Any CPU.ActiveCfg = Debug|Any CPU
		{73F8861D-ABAB-4EF8-8687-91E401B11E91}.Debug|Any CPU.Build.0 = Debug|Any CPU
		{73F8861D-ABAB-4EF8-8687-91E401B11E91}.Release|Any CPU.ActiveCfg = Release|Any CPU
		{73F8861D-ABAB-4EF8-8687-91E401B11E91}.Release|Any CPU.Build.0 = Release|Any CPU
		{74588AEA-590D-449F-9D38-1EC7FE0B2197}.Debug|Any CPU.ActiveCfg = Debug|Any CPU
		{74588AEA-590D-449F-9D38-1EC7FE0B2197}.Debug|Any CPU.Build.0 = Debug|Any CPU
		{74588AEA-590D-449F-9D38-1EC7FE0B2197}.Release|Any CPU.ActiveCfg = Release|Any CPU
		{74588AEA-590D-449F-9D38-1EC7FE0B2197}.Release|Any CPU.Build.0 = Release|Any CPU
		{AF7EFF14-63A5-47F2-8259-387A08BA9281}.Debug|Any CPU.ActiveCfg = Debug|Any CPU
		{AF7EFF14-63A5-47F2-8259-387A08BA9281}.Debug|Any CPU.Build.0 = Debug|Any CPU
		{AF7EFF14-63A5-47F2-8259-387A08BA9281}.Release|Any CPU.ActiveCfg = Release|Any CPU
		{AF7EFF14-63A5-47F2-8259-387A08BA9281}.Release|Any CPU.Build.0 = Release|Any CPU
		{30182999-7461-4F86-AF85-9B7B8F9E837B}.Debug|Any CPU.ActiveCfg = Debug|Any CPU
		{30182999-7461-4F86-AF85-9B7B8F9E837B}.Debug|Any CPU.Build.0 = Debug|Any CPU
		{30182999-7461-4F86-AF85-9B7B8F9E837B}.Release|Any CPU.ActiveCfg = Release|Any CPU
		{30182999-7461-4F86-AF85-9B7B8F9E837B}.Release|Any CPU.Build.0 = Release|Any CPU
		{605EDA4D-5220-4175-A7EB-66E3E690B96E}.Debug|Any CPU.ActiveCfg = Debug|Any CPU
		{605EDA4D-5220-4175-A7EB-66E3E690B96E}.Debug|Any CPU.Build.0 = Debug|Any CPU
		{605EDA4D-5220-4175-A7EB-66E3E690B96E}.Release|Any CPU.ActiveCfg = Release|Any CPU
		{605EDA4D-5220-4175-A7EB-66E3E690B96E}.Release|Any CPU.Build.0 = Release|Any CPU
	EndGlobalSection
	GlobalSection(SolutionProperties) = preSolution
		HideSolutionNode = FALSE
	EndGlobalSection
	GlobalSection(NestedProjects) = preSolution
		{1DDC928B-C103-4155-8D9A-7516C61FBEB1} = {02EA681E-C7D8-13C7-8484-4AC65E1B71E8}
		{E7901C1B-C2B2-41F5-AE4B-D0F7A826FE48} = {02EA681E-C7D8-13C7-8484-4AC65E1B71E8}
		{E711EA9D-F008-4E4E-AAA9-03F6403A61C1} = {02EA681E-C7D8-13C7-8484-4AC65E1B71E8}
		{AD1D23DD-92CB-4E97-9CE4-EC818B5EF115} = {681045CC-177A-41ED-BFAA-5DC1D5FB8566}
		{C36A0894-7650-4CFA-99DB-33DD65B8D67E} = {681045CC-177A-41ED-BFAA-5DC1D5FB8566}
		{0E7C6CC8-B183-4AA4-9E5D-7C1AAFC42302} = {681045CC-177A-41ED-BFAA-5DC1D5FB8566}
		{B7C1354B-D594-4D73-9DB9-9569784809C0} = {681045CC-177A-41ED-BFAA-5DC1D5FB8566}
		{BFFEFD29-7FD6-4BE6-9E2B-5DC8C358EAA0} = {DA146E10-FA22-4C5D-B990-420223395996}
		{F92E8EF0-A9B3-4E0E-BE16-614C9DC68C51} = {DA146E10-FA22-4C5D-B990-420223395996}
		{43750A53-8B9C-45C8-B1AA-5727FC89306D} = {DA146E10-FA22-4C5D-B990-420223395996}
		{2D0A16B7-EA96-4714-8FE5-5F243FD3B16F} = {A715CCFA-F5FB-499B-837E-7AB20FAF4B44}
		{616F4A56-198B-4B27-98E8-73D3B6C9CF41} = {A715CCFA-F5FB-499B-837E-7AB20FAF4B44}
		{DB851A36-7276-4AC3-AB5D-1A694589CC51} = {A715CCFA-F5FB-499B-837E-7AB20FAF4B44}
		{419FC3BD-DEB5-46B3-90F6-0C65F9943EA3} = {1E36AE29-856E-4086-9603-8A074400FA1B}
		{73F8861D-ABAB-4EF8-8687-91E401B11E91} = {1E36AE29-856E-4086-9603-8A074400FA1B}
		{74588AEA-590D-449F-9D38-1EC7FE0B2197} = {1E36AE29-856E-4086-9603-8A074400FA1B}
		{AF7EFF14-63A5-47F2-8259-387A08BA9281} = {1E36AE29-856E-4086-9603-8A074400FA1B}
		{30182999-7461-4F86-AF85-9B7B8F9E837B} = {1E36AE29-856E-4086-9603-8A074400FA1B}
		{605EDA4D-5220-4175-A7EB-66E3E690B96E} = {1E36AE29-856E-4086-9603-8A074400FA1B}
	EndGlobalSection
	GlobalSection(ExtensibilityGlobals) = postSolution
		SolutionGuid = {47F57462-0D42-4A9B-9D9A-1A0640BD6135}
	EndGlobalSection
EndGlobal
